
Microsoft Visual Studio Solution File, Format Version 12.00
# Visual Studio Version 16
VisualStudioVersion = 16.0.30517.126
MinimumVisualStudioVersion = 10.0.40219.1
Project("{8BC9CEB8-8B4A-11D0-8D11-00A0C91BC942}") = "medvedik_laba1_8sem", "medvedik_laba1_8sem\medvedik_laba1_8sem.vcxproj", "{7045B05C-6C12-4117-8FED-95723B9D89BD}"
EndProject
Global
	GlobalSection(SolutionConfigurationPlatforms) = preSolution
		Debug|x64 = Debug|x64
		Debug|x86 = Debug|x86
		Release|x64 = Release|x64
		Release|x86 = Release|x86
	EndGlobalSection
	GlobalSection(ProjectConfigurationPlatforms) = postSolution
		{7045B05C-6C12-4117-8FED-95723B9D89BD}.Debug|x64.ActiveCfg = Debug|x64
		{7045B05C-6C12-4117-8FED-95723B9D89BD}.Debug|x64.Build.0 = Debug|x64
		{7045B05C-6C12-4117-8FED-95723B9D89BD}.Debug|x86.ActiveCfg = Debug|Win32
		{7045B05C-6C12-4117-8FED-95723B9D89BD}.Debug|x86.Build.0 = Debug|Win32
		{7045B05C-6C12-4117-8FED-95723B9D89BD}.Release|x64.ActiveCfg = Release|x64
		{7045B05C-6C12-4117-8FED-95723B9D89BD}.Release|x64.Build.0 = Release|x64
		{7045B05C-6C12-4117-8FED-95723B9D89BD}.Release|x86.ActiveCfg = Release|Win32
		{7045B05C-6C12-4117-8FED-95723B9D89BD}.Release|x86.Build.0 = Release|Win32
	EndGlobalSection
	GlobalSection(SolutionProperties) = preSolution
		HideSolutionNode = FALSE
	EndGlobalSection
	GlobalSection(ExtensibilityGlobals) = postSolution
		SolutionGuid = {DFFD503A-6A2C-4155-95DD-F5EE8DCA64BC}
	EndGlobalSection
EndGlobal
